
Microsoft Visual Studio Solution File, Format Version 12.00
# Visual Studio Version 17
VisualStudioVersion = 17.4.33213.308
MinimumVisualStudioVersion = 10.0.40219.1
Project("{8BC9CEB8-8B4A-11D0-8D11-00A0C91BC942}") = "logioptionspp", "logioptionspp.vcxproj", "{57230CFE-A6DA-431C-B744-11C9BB6B8113}"
	ProjectSection(ProjectDependencies) = postProject
		{37489709-8054-4903-9C49-A79846049FC9} = {37489709-8054-4903-9C49-A79846049FC9}
	EndProjectSection
EndProject
Project("{8BC9CEB8-8B4A-11D0-8D11-00A0C91BC942}") = "logioptionspprun", "..\logioptionspprun\logioptionspprun.vcxproj", "{7B4BD691-1A30-44A3-ADE6-E0226D6D35E9}"
	ProjectSection(ProjectDependencies) = postProject
		{37489709-8054-4903-9C49-A79846049FC9} = {37489709-8054-4903-9C49-A79846049FC9}
		{57230CFE-A6DA-431C-B744-11C9BB6B8113} = {57230CFE-A6DA-431C-B744-11C9BB6B8113}
	EndProjectSection
EndProject
Project("{8BC9CEB8-8B4A-11D0-8D11-00A0C91BC942}") = "Detours", "..\Detours-main\vc\Detours.vcxproj", "{37489709-8054-4903-9C49-A79846049FC9}"
EndProject
Project("{8BC9CEB8-8B4A-11D0-8D11-00A0C91BC942}") = "test_detour", "..\test_detour\test_detour.vcxproj", "{E7CAA599-C955-4D62-9603-5A0BE3266246}"
EndProject
Global
	GlobalSection(SolutionConfigurationPlatforms) = preSolution
		Debug|ARM = Debug|ARM
		Debug|ARM64 = Debug|ARM64
		Debug|x64 = Debug|x64
		Debug|x86 = Debug|x86
		DebugMDd|ARM = DebugMDd|ARM
		DebugMDd|ARM64 = DebugMDd|ARM64
		DebugMDd|x64 = DebugMDd|x64
		DebugMDd|x86 = DebugMDd|x86
		Release|ARM = Release|ARM
		Release|ARM64 = Release|ARM64
		Release|x64 = Release|x64
		Release|x86 = Release|x86
		ReleaseMD|ARM = ReleaseMD|ARM
		ReleaseMD|ARM64 = ReleaseMD|ARM64
		ReleaseMD|x64 = ReleaseMD|x64
		ReleaseMD|x86 = ReleaseMD|x86
	EndGlobalSection
	GlobalSection(ProjectConfigurationPlatforms) = postSolution
		{57230CFE-A6DA-431C-B744-11C9BB6B8113}.Debug|ARM.ActiveCfg = Debug|x64
		{57230CFE-A6DA-431C-B744-11C9BB6B8113}.Debug|ARM.Build.0 = Debug|x64
		{57230CFE-A6DA-431C-B744-11C9BB6B8113}.Debug|ARM64.ActiveCfg = Debug|x64
		{57230CFE-A6DA-431C-B744-11C9BB6B8113}.Debug|ARM64.Build.0 = Debug|x64
		{57230CFE-A6DA-431C-B744-11C9BB6B8113}.Debug|x64.ActiveCfg = Debug|x64
		{57230CFE-A6DA-431C-B744-11C9BB6B8113}.Debug|x64.Build.0 = Debug|x64
		{57230CFE-A6DA-431C-B744-11C9BB6B8113}.Debug|x86.ActiveCfg = Debug|Win32
		{57230CFE-A6DA-431C-B744-11C9BB6B8113}.Debug|x86.Build.0 = Debug|Win32
		{57230CFE-A6DA-431C-B744-11C9BB6B8113}.DebugMDd|ARM.ActiveCfg = Debug|x64
		{57230CFE-A6DA-431C-B744-11C9BB6B8113}.DebugMDd|ARM.Build.0 = Debug|x64
		{57230CFE-A6DA-431C-B744-11C9BB6B8113}.DebugMDd|ARM64.ActiveCfg = Debug|x64
		{57230CFE-A6DA-431C-B744-11C9BB6B8113}.DebugMDd|ARM64.Build.0 = Debug|x64
		{57230CFE-A6DA-431C-B744-11C9BB6B8113}.DebugMDd|x64.ActiveCfg = Debug|x64
		{57230CFE-A6DA-431C-B744-11C9BB6B8113}.DebugMDd|x64.Build.0 = Debug|x64
		{57230CFE-A6DA-431C-B744-11C9BB6B8113}.DebugMDd|x86.ActiveCfg = Debug|Win32
		{57230CFE-A6DA-431C-B744-11C9BB6B8113}.DebugMDd|x86.Build.0 = Debug|Win32
		{57230CFE-A6DA-431C-B744-11C9BB6B8113}.Release|ARM.ActiveCfg = Release|x64
		{57230CFE-A6DA-431C-B744-11C9BB6B8113}.Release|ARM.Build.0 = Release|x64
		{57230CFE-A6DA-431C-B744-11C9BB6B8113}.Release|ARM64.ActiveCfg = Release|x64
		{57230CFE-A6DA-431C-B744-11C9BB6B8113}.Release|ARM64.Build.0 = Release|x64
		{57230CFE-A6DA-431C-B744-11C9BB6B8113}.Release|x64.ActiveCfg = Release|x64
		{57230CFE-A6DA-431C-B744-11C9BB6B8113}.Release|x64.Build.0 = Release|x64
		{57230CFE-A6DA-431C-B744-11C9BB6B8113}.Release|x86.ActiveCfg = Release|Win32
		{57230CFE-A6DA-431C-B744-11C9BB6B8113}.Release|x86.Build.0 = Release|Win32
		{57230CFE-A6DA-431C-B744-11C9BB6B8113}.ReleaseMD|ARM.ActiveCfg = Release|x64
		{57230CFE-A6DA-431C-B744-11C9BB6B8113}.ReleaseMD|ARM.Build.0 = Release|x64
		{57230CFE-A6DA-431C-B744-11C9BB6B8113}.ReleaseMD|ARM64.ActiveCfg = Release|x64
		{57230CFE-A6DA-431C-B744-11C9BB6B8113}.ReleaseMD|ARM64.Build.0 = Release|x64
		{57230CFE-A6DA-431C-B744-11C9BB6B8113}.ReleaseMD|x64.ActiveCfg = Release|x64
		{57230CFE-A6DA-431C-B744-11C9BB6B8113}.ReleaseMD|x64.Build.0 = Release|x64
		{57230CFE-A6DA-431C-B744-11C9BB6B8113}.ReleaseMD|x86.ActiveCfg = Release|Win32
		{57230CFE-A6DA-431C-B744-11C9BB6B8113}.ReleaseMD|x86.Build.0 = Release|Win32
		{7B4BD691-1A30-44A3-ADE6-E0226D6D35E9}.Debug|ARM.ActiveCfg = Debug|x64
		{7B4BD691-1A30-44A3-ADE6-E0226D6D35E9}.Debug|ARM.Build.0 = Debug|x64
		{7B4BD691-1A30-44A3-ADE6-E0226D6D35E9}.Debug|ARM64.ActiveCfg = Debug|x64
		{7B4BD691-1A30-44A3-ADE6-E0226D6D35E9}.Debug|ARM64.Build.0 = Debug|x64
		{7B4BD691-1A30-44A3-ADE6-E0226D6D35E9}.Debug|x64.ActiveCfg = Debug|x64
		{7B4BD691-1A30-44A3-ADE6-E0226D6D35E9}.Debug|x64.Build.0 = Debug|x64
		{7B4BD691-1A30-44A3-ADE6-E0226D6D35E9}.Debug|x86.ActiveCfg = Debug|Win32
		{7B4BD691-1A30-44A3-ADE6-E0226D6D35E9}.Debug|x86.Build.0 = Debug|Win32
		{7B4BD691-1A30-44A3-ADE6-E0226D6D35E9}.DebugMDd|ARM.ActiveCfg = Debug|x64
		{7B4BD691-1A30-44A3-ADE6-E0226D6D35E9}.DebugMDd|ARM.Build.0 = Debug|x64
		{7B4BD691-1A30-44A3-ADE6-E0226D6D35E9}.DebugMDd|ARM64.ActiveCfg = Debug|x64
		{7B4BD691-1A30-44A3-ADE6-E0226D6D35E9}.DebugMDd|ARM64.Build.0 = Debug|x64
		{7B4BD691-1A30-44A3-ADE6-E0226D6D35E9}.DebugMDd|x64.ActiveCfg = Debug|x64
		{7B4BD691-1A30-44A3-ADE6-E0226D6D35E9}.DebugMDd|x64.Build.0 = Debug|x64
		{7B4BD691-1A30-44A3-ADE6-E0226D6D35E9}.DebugMDd|x86.ActiveCfg = Debug|Win32
		{7B4BD691-1A30-44A3-ADE6-E0226D6D35E9}.DebugMDd|x86.Build.0 = Debug|Win32
		{7B4BD691-1A30-44A3-ADE6-E0226D6D35E9}.Release|ARM.ActiveCfg = Release|x64
		{7B4BD691-1A30-44A3-ADE6-E0226D6D35E9}.Release|ARM.Build.0 = Release|x64
		{7B4BD691-1A30-44A3-ADE6-E0226D6D35E9}.Release|ARM64.ActiveCfg = Release|x64
		{7B4BD691-1A30-44A3-ADE6-E0226D6D35E9}.Release|ARM64.Build.0 = Release|x64
		{7B4BD691-1A30-44A3-ADE6-E0226D6D35E9}.Release|x64.ActiveCfg = Release|x64
		{7B4BD691-1A30-44A3-ADE6-E0226D6D35E9}.Release|x64.Build.0 = Release|x64
		{7B4BD691-1A30-44A3-ADE6-E0226D6D35E9}.Release|x86.ActiveCfg = Release|Win32
		{7B4BD691-1A30-44A3-ADE6-E0226D6D35E9}.Release|x86.Build.0 = Release|Win32
		{7B4BD691-1A30-44A3-ADE6-E0226D6D35E9}.ReleaseMD|ARM.ActiveCfg = Release|x64
		{7B4BD691-1A30-44A3-ADE6-E0226D6D35E9}.ReleaseMD|ARM.Build.0 = Release|x64
		{7B4BD691-1A30-44A3-ADE6-E0226D6D35E9}.ReleaseMD|ARM64.ActiveCfg = Release|x64
		{7B4BD691-1A30-44A3-ADE6-E0226D6D35E9}.ReleaseMD|ARM64.Build.0 = Release|x64
		{7B4BD691-1A30-44A3-ADE6-E0226D6D35E9}.ReleaseMD|x64.ActiveCfg = Release|x64
		{7B4BD691-1A30-44A3-ADE6-E0226D6D35E9}.ReleaseMD|x64.Build.0 = Release|x64
		{7B4BD691-1A30-44A3-ADE6-E0226D6D35E9}.ReleaseMD|x86.ActiveCfg = Release|Win32
		{7B4BD691-1A30-44A3-ADE6-E0226D6D35E9}.ReleaseMD|x86.Build.0 = Release|Win32
		{37489709-8054-4903-9C49-A79846049FC9}.Debug|ARM.ActiveCfg = DebugMDd|ARM
		{37489709-8054-4903-9C49-A79846049FC9}.Debug|ARM.Build.0 = DebugMDd|ARM
		{37489709-8054-4903-9C49-A79846049FC9}.Debug|ARM64.ActiveCfg = DebugMDd|ARM64
		{37489709-8054-4903-9C49-A79846049FC9}.Debug|ARM64.Build.0 = DebugMDd|ARM64
		{37489709-8054-4903-9C49-A79846049FC9}.Debug|x64.ActiveCfg = DebugMDd|x64
		{37489709-8054-4903-9C49-A79846049FC9}.Debug|x64.Build.0 = DebugMDd|x64
		{37489709-8054-4903-9C49-A79846049FC9}.Debug|x86.ActiveCfg = DebugMDd|Win32
		{37489709-8054-4903-9C49-A79846049FC9}.Debug|x86.Build.0 = DebugMDd|Win32
		{37489709-8054-4903-9C49-A79846049FC9}.DebugMDd|ARM.ActiveCfg = DebugMDd|ARM
		{37489709-8054-4903-9C49-A79846049FC9}.DebugMDd|ARM.Build.0 = DebugMDd|ARM
		{37489709-8054-4903-9C49-A79846049FC9}.DebugMDd|ARM64.ActiveCfg = DebugMDd|ARM64
		{37489709-8054-4903-9C49-A79846049FC9}.DebugMDd|ARM64.Build.0 = DebugMDd|ARM64
		{37489709-8054-4903-9C49-A79846049FC9}.DebugMDd|x64.ActiveCfg = DebugMDd|x64
		{37489709-8054-4903-9C49-A79846049FC9}.DebugMDd|x64.Build.0 = DebugMDd|x64
		{37489709-8054-4903-9C49-A79846049FC9}.DebugMDd|x86.ActiveCfg = DebugMDd|Win32
		{37489709-8054-4903-9C49-A79846049FC9}.DebugMDd|x86.Build.0 = DebugMDd|Win32
		{37489709-8054-4903-9C49-A79846049FC9}.Release|ARM.ActiveCfg = ReleaseMD|ARM
		{37489709-8054-4903-9C49-A79846049FC9}.Release|ARM.Build.0 = ReleaseMD|ARM
		{37489709-8054-4903-9C49-A79846049FC9}.Release|ARM64.ActiveCfg = ReleaseMD|ARM64
		{37489709-8054-4903-9C49-A79846049FC9}.Release|ARM64.Build.0 = ReleaseMD|ARM64
		{37489709-8054-4903-9C49-A79846049FC9}.Release|x64.ActiveCfg = ReleaseMD|x64
		{37489709-8054-4903-9C49-A79846049FC9}.Release|x64.Build.0 = ReleaseMD|x64
		{37489709-8054-4903-9C49-A79846049FC9}.Release|x86.ActiveCfg = ReleaseMD|Win32
		{37489709-8054-4903-9C49-A79846049FC9}.Release|x86.Build.0 = ReleaseMD|Win32
		{37489709-8054-4903-9C49-A79846049FC9}.ReleaseMD|ARM.ActiveCfg = ReleaseMD|ARM
		{37489709-8054-4903-9C49-A79846049FC9}.ReleaseMD|ARM.Build.0 = ReleaseMD|ARM
		{37489709-8054-4903-9C49-A79846049FC9}.ReleaseMD|ARM64.ActiveCfg = ReleaseMD|ARM64
		{37489709-8054-4903-9C49-A79846049FC9}.ReleaseMD|ARM64.Build.0 = ReleaseMD|ARM64
		{37489709-8054-4903-9C49-A79846049FC9}.ReleaseMD|x64.ActiveCfg = ReleaseMD|x64
		{37489709-8054-4903-9C49-A79846049FC9}.ReleaseMD|x64.Build.0 = ReleaseMD|x64
		{37489709-8054-4903-9C49-A79846049FC9}.ReleaseMD|x86.ActiveCfg = ReleaseMD|Win32
		{37489709-8054-4903-9C49-A79846049FC9}.ReleaseMD|x86.Build.0 = ReleaseMD|Win32
		{E7CAA599-C955-4D62-9603-5A0BE3266246}.Debug|ARM.ActiveCfg = Debug|x64
		{E7CAA599-C955-4D62-9603-5A0BE3266246}.Debug|ARM.Build.0 = Debug|x64
		{E7CAA599-C955-4D62-9603-5A0BE3266246}.Debug|ARM64.ActiveCfg = Debug|x64
		{E7CAA599-C955-4D62-9603-5A0BE3266246}.Debug|ARM64.Build.0 = Debug|x64
		{E7CAA599-C955-4D62-9603-5A0BE3266246}.Debug|x64.ActiveCfg = Debug|x64
		{E7CAA599-C955-4D62-9603-5A0BE3266246}.Debug|x64.Build.0 = Debug|x64
		{E7CAA599-C955-4D62-9603-5A0BE3266246}.Debug|x86.ActiveCfg = Debug|Win32
		{E7CAA599-C955-4D62-9603-5A0BE3266246}.Debug|x86.Build.0 = Debug|Win32
		{E7CAA599-C955-4D62-9603-5A0BE3266246}.DebugMDd|ARM.ActiveCfg = Debug|x64
		{E7CAA599-C955-4D62-9603-5A0BE3266246}.DebugMDd|ARM.Build.0 = Debug|x64
		{E7CAA599-C955-4D62-9603-5A0BE3266246}.DebugMDd|ARM64.ActiveCfg = Debug|x64
		{E7CAA599-C955-4D62-9603-5A0BE3266246}.DebugMDd|ARM64.Build.0 = Debug|x64
		{E7CAA599-C955-4D62-9603-5A0BE3266246}.DebugMDd|x64.ActiveCfg = Debug|x64
		{E7CAA599-C955-4D62-9603-5A0BE3266246}.DebugMDd|x64.Build.0 = Debug|x64
		{E7CAA599-C955-4D62-9603-5A0BE3266246}.DebugMDd|x86.ActiveCfg = Debug|Win32
		{E7CAA599-C955-4D62-9603-5A0BE3266246}.DebugMDd|x86.Build.0 = Debug|Win32
		{E7CAA599-C955-4D62-9603-5A0BE3266246}.Release|ARM.ActiveCfg = Release|x64
		{E7CAA599-C955-4D62-9603-5A0BE3266246}.Release|ARM.Build.0 = Release|x64
		{E7CAA599-C955-4D62-9603-5A0BE3266246}.Release|ARM64.ActiveCfg = Release|x64
		{E7CAA599-C955-4D62-9603-5A0BE3266246}.Release|ARM64.Build.0 = Release|x64
		{E7CAA599-C955-4D62-9603-5A0BE3266246}.Release|x64.ActiveCfg = Release|x64
		{E7CAA599-C955-4D62-9603-5A0BE3266246}.Release|x64.Build.0 = Release|x64
		{E7CAA599-C955-4D62-9603-5A0BE3266246}.Release|x86.ActiveCfg = Release|Win32
		{E7CAA599-C955-4D62-9603-5A0BE3266246}.Release|x86.Build.0 = Release|Win32
		{E7CAA599-C955-4D62-9603-5A0BE3266246}.ReleaseMD|ARM.ActiveCfg = Release|x64
		{E7CAA599-C955-4D62-9603-5A0BE3266246}.ReleaseMD|ARM.Build.0 = Release|x64
		{E7CAA599-C955-4D62-9603-5A0BE3266246}.ReleaseMD|ARM64.ActiveCfg = Release|x64
		{E7CAA599-C955-4D62-9603-5A0BE3266246}.ReleaseMD|ARM64.Build.0 = Release|x64
		{E7CAA599-C955-4D62-9603-5A0BE3266246}.ReleaseMD|x64.ActiveCfg = Release|x64
		{E7CAA599-C955-4D62-9603-5A0BE3266246}.ReleaseMD|x64.Build.0 = Release|x64
		{E7CAA599-C955-4D62-9603-5A0BE3266246}.ReleaseMD|x86.ActiveCfg = Release|Win32
		{E7CAA599-C955-4D62-9603-5A0BE3266246}.ReleaseMD|x86.Build.0 = Release|Win32
	EndGlobalSection
	GlobalSection(SolutionProperties) = preSolution
		HideSolutionNode = FALSE
	EndGlobalSection
	GlobalSection(ExtensibilityGlobals) = postSolution
		SolutionGuid = {4D615A76-4943-468A-99AA-E81B120EF4DF}
	EndGlobalSection
EndGlobal
